// !$*UTF8*$!
{
	archiveVersion = 1;
	classes = {
	};
	objectVersion = 51;
	objects = {

/* Begin PBXBuildFile section */
		691CF2692450ECBB003C97FE /* AppDelegate.swift in Sources */ = {isa = PBXBuildFile; fileRef = 691CF2682450ECBB003C97FE /* AppDelegate.swift */; };
		691CF26B2450ECBB003C97FE /* SceneDelegate.swift in Sources */ = {isa = PBXBuildFile; fileRef = 691CF26A2450ECBB003C97FE /* SceneDelegate.swift */; };
		691CF2722450ECBF003C97FE /* Assets.xcassets in Resources */ = {isa = PBXBuildFile; fileRef = 691CF2712450ECBF003C97FE /* Assets.xcassets */; };
		691CF2752450ECBF003C97FE /* LaunchScreen.storyboard in Resources */ = {isa = PBXBuildFile; fileRef = 691CF2732450ECBF003C97FE /* LaunchScreen.storyboard */; };
		691CF2802450ECBF003C97FE /* PharmacyFinderTests.swift in Sources */ = {isa = PBXBuildFile; fileRef = 691CF27F2450ECBF003C97FE /* PharmacyFinderTests.swift */; };
		691CF28F2450ED04003C97FE /* LoginContract.swift in Sources */ = {isa = PBXBuildFile; fileRef = 691CF28C2450ED04003C97FE /* LoginContract.swift */; };
		691CF2902450ED04003C97FE /* LoginPresenter.swift in Sources */ = {isa = PBXBuildFile; fileRef = 691CF28D2450ED04003C97FE /* LoginPresenter.swift */; };
		691CF2942450ED4C003C97FE /* LoginViewController.swift in Sources */ = {isa = PBXBuildFile; fileRef = 691CF2922450ED4C003C97FE /* LoginViewController.swift */; };
		691CF2952450ED4C003C97FE /* LoginViewController.xib in Resources */ = {isa = PBXBuildFile; fileRef = 691CF2932450ED4C003C97FE /* LoginViewController.xib */; };
		691CF2992450EEFC003C97FE /* Contract.swift in Sources */ = {isa = PBXBuildFile; fileRef = 691CF2982450EEFC003C97FE /* Contract.swift */; };
		691CF2A92451046F003C97FE /* RegistrationContract.swift in Sources */ = {isa = PBXBuildFile; fileRef = 691CF2A62451046F003C97FE /* RegistrationContract.swift */; };
		691CF2AA2451046F003C97FE /* RegistrationPresenter.swift in Sources */ = {isa = PBXBuildFile; fileRef = 691CF2A72451046F003C97FE /* RegistrationPresenter.swift */; };
		691CF2AE24510494003C97FE /* RegistrationViewController.swift in Sources */ = {isa = PBXBuildFile; fileRef = 691CF2AC24510494003C97FE /* RegistrationViewController.swift */; };
		691CF2AF24510494003C97FE /* RegistrationViewController.xib in Resources */ = {isa = PBXBuildFile; fileRef = 691CF2AD24510494003C97FE /* RegistrationViewController.xib */; };
		691CF2B2245105CB003C97FE /* StringConstants.swift in Sources */ = {isa = PBXBuildFile; fileRef = 691CF2B1245105CB003C97FE /* StringConstants.swift */; };
		691CF2B82451E089003C97FE /* AccountDataSourceProtocols.swift in Sources */ = {isa = PBXBuildFile; fileRef = 691CF2B72451E089003C97FE /* AccountDataSourceProtocols.swift */; };
		691CF2BD2451E39B003C97FE /* StorageProtocol.swift in Sources */ = {isa = PBXBuildFile; fileRef = 691CF2BC2451E39B003C97FE /* StorageProtocol.swift */; };
		691CF2C02451E7FA003C97FE /* StorageKeyChain.swift in Sources */ = {isa = PBXBuildFile; fileRef = 691CF2BF2451E7FA003C97FE /* StorageKeyChain.swift */; };
		691CF2C22451E950003C97FE /* AccountLocalDataSource.swift in Sources */ = {isa = PBXBuildFile; fileRef = 691CF2C12451E950003C97FE /* AccountLocalDataSource.swift */; };
		691CF2C42451E9A1003C97FE /* UserAccount.swift in Sources */ = {isa = PBXBuildFile; fileRef = 691CF2C32451E9A1003C97FE /* UserAccount.swift */; };
		691CF2C62451EC19003C97FE /* AccountRepository.swift in Sources */ = {isa = PBXBuildFile; fileRef = 691CF2C52451EC19003C97FE /* AccountRepository.swift */; };
		691CF2C92451ECD8003C97FE /* UseCase.swift in Sources */ = {isa = PBXBuildFile; fileRef = 691CF2C82451ECD8003C97FE /* UseCase.swift */; };
		691CF2CF2451EDF3003C97FE /* RegisterWithUsernameUseCase.swift in Sources */ = {isa = PBXBuildFile; fileRef = 691CF2CE2451EDF3003C97FE /* RegisterWithUsernameUseCase.swift */; };
		691CF2D12451FEFE003C97FE /* LoginWithUsernameUseCase.swift in Sources */ = {isa = PBXBuildFile; fileRef = 691CF2D02451FEFE003C97FE /* LoginWithUsernameUseCase.swift */; };
		6948ABC92452146E00976696 /* HomeContract.swift in Sources */ = {isa = PBXBuildFile; fileRef = 6948ABC62452146E00976696 /* HomeContract.swift */; };
		6948ABCA2452146E00976696 /* HomePresenter.swift in Sources */ = {isa = PBXBuildFile; fileRef = 6948ABC72452146E00976696 /* HomePresenter.swift */; };
		6948ABCE2452149600976696 /* HomeViewController.swift in Sources */ = {isa = PBXBuildFile; fileRef = 6948ABCC2452149600976696 /* HomeViewController.swift */; };
		6948ABCF2452149600976696 /* HomeViewController.xib in Resources */ = {isa = PBXBuildFile; fileRef = 6948ABCD2452149600976696 /* HomeViewController.xib */; };
		6948ABD4245243F500976696 /* PharmacyCell.swift in Sources */ = {isa = PBXBuildFile; fileRef = 6948ABD2245243F500976696 /* PharmacyCell.swift */; };
		6948ABD5245243F500976696 /* PharmacyCell.xib in Resources */ = {isa = PBXBuildFile; fileRef = 6948ABD3245243F500976696 /* PharmacyCell.xib */; };
		6948ABDB245253A900976696 /* HomeDataSourceProtocols.swift in Sources */ = {isa = PBXBuildFile; fileRef = 6948ABDA245253A900976696 /* HomeDataSourceProtocols.swift */; };
		6948ABDF2452542D00976696 /* HomeLocalDataSource.swift in Sources */ = {isa = PBXBuildFile; fileRef = 6948ABDE2452542D00976696 /* HomeLocalDataSource.swift */; };
		6948ABE12452555200976696 /* HomeRemoteDataSource.swift in Sources */ = {isa = PBXBuildFile; fileRef = 6948ABE02452555200976696 /* HomeRemoteDataSource.swift */; };
		6948ABE4245273A600976696 /* DecoderHelper.swift in Sources */ = {isa = PBXBuildFile; fileRef = 6948ABE3245273A600976696 /* DecoderHelper.swift */; };
		6948ABE8245273E600976696 /* NetworkRequest.swift in Sources */ = {isa = PBXBuildFile; fileRef = 6948ABE7245273E600976696 /* NetworkRequest.swift */; };
		6948ABEB2452778700976696 /* RequestError.swift in Sources */ = {isa = PBXBuildFile; fileRef = 6948ABEA2452778700976696 /* RequestError.swift */; };
		6948ABED2452837C00976696 /* BaseRemoteDataSource.swift in Sources */ = {isa = PBXBuildFile; fileRef = 6948ABEC2452837C00976696 /* BaseRemoteDataSource.swift */; };
		6948ABEF2452860100976696 /* DataSourceError.swift in Sources */ = {isa = PBXBuildFile; fileRef = 6948ABEE2452860100976696 /* DataSourceError.swift */; };
		6948ABF1245287EC00976696 /* PharmacyEntity.swift in Sources */ = {isa = PBXBuildFile; fileRef = 6948ABF0245287EC00976696 /* PharmacyEntity.swift */; };
		6948ABF324528D8300976696 /* HomeRepository.swift in Sources */ = {isa = PBXBuildFile; fileRef = 6948ABF224528D8300976696 /* HomeRepository.swift */; };
		6948ABF72452900E00976696 /* GetPharmacyLocalsUseCase.swift in Sources */ = {isa = PBXBuildFile; fileRef = 6948ABF62452900E00976696 /* GetPharmacyLocalsUseCase.swift */; };
		6948AC0B24536F5300976696 /* PharmacyDetailContract.swift in Sources */ = {isa = PBXBuildFile; fileRef = 6948AC0824536F5300976696 /* PharmacyDetailContract.swift */; };
		6948AC0C24536F5300976696 /* PharmacyDetailPresenter.swift in Sources */ = {isa = PBXBuildFile; fileRef = 6948AC0924536F5300976696 /* PharmacyDetailPresenter.swift */; };
		6948AC1024536F7800976696 /* PharmacyDetailViewController.swift in Sources */ = {isa = PBXBuildFile; fileRef = 6948AC0E24536F7800976696 /* PharmacyDetailViewController.swift */; };
		6948AC1124536F7800976696 /* PharmacyDetailViewController.xib in Resources */ = {isa = PBXBuildFile; fileRef = 6948AC0F24536F7800976696 /* PharmacyDetailViewController.xib */; };
		6948AC15245375D300976696 /* PharmacyDetailCell.swift in Sources */ = {isa = PBXBuildFile; fileRef = 6948AC13245375D300976696 /* PharmacyDetailCell.swift */; };
		6948AC16245375D300976696 /* PharmacyDetailCell.xib in Resources */ = {isa = PBXBuildFile; fileRef = 6948AC14245375D300976696 /* PharmacyDetailCell.xib */; };
		C7D6338643B51BF9C73F7CF9 /* Pods_PharmacyFinder.framework in Frameworks */ = {isa = PBXBuildFile; fileRef = B5CEE4D5683F4153BAC753FF /* Pods_PharmacyFinder.framework */; };
		D1E7223E1A63C5BAF66AD7C4 /* Pods_PharmacyFinderTests.framework in Frameworks */ = {isa = PBXBuildFile; fileRef = 4EAB94F5D11969C1FA30FE85 /* Pods_PharmacyFinderTests.framework */; };
/* End PBXBuildFile section */

/* Begin PBXContainerItemProxy section */
		691CF27C2450ECBF003C97FE /* PBXContainerItemProxy */ = {
			isa = PBXContainerItemProxy;
			containerPortal = 691CF25D2450ECBA003C97FE /* Project object */;
			proxyType = 1;
			remoteGlobalIDString = 691CF2642450ECBA003C97FE;
			remoteInfo = PharmacyFinder;
		};
/* End PBXContainerItemProxy section */

/* Begin PBXFileReference section */
		4EAB94F5D11969C1FA30FE85 /* Pods_PharmacyFinderTests.framework */ = {isa = PBXFileReference; explicitFileType = wrapper.framework; includeInIndex = 0; path = Pods_PharmacyFinderTests.framework; sourceTree = BUILT_PRODUCTS_DIR; };
		691CF2652450ECBB003C97FE /* PharmacyFinder.app */ = {isa = PBXFileReference; explicitFileType = wrapper.application; includeInIndex = 0; path = PharmacyFinder.app; sourceTree = BUILT_PRODUCTS_DIR; };
		691CF2682450ECBB003C97FE /* AppDelegate.swift */ = {isa = PBXFileReference; lastKnownFileType = sourcecode.swift; path = AppDelegate.swift; sourceTree = "<group>"; };
		691CF26A2450ECBB003C97FE /* SceneDelegate.swift */ = {isa = PBXFileReference; lastKnownFileType = sourcecode.swift; path = SceneDelegate.swift; sourceTree = "<group>"; };
		691CF2712450ECBF003C97FE /* Assets.xcassets */ = {isa = PBXFileReference; lastKnownFileType = folder.assetcatalog; path = Assets.xcassets; sourceTree = "<group>"; };
		691CF2742450ECBF003C97FE /* Base */ = {isa = PBXFileReference; lastKnownFileType = file.storyboard; name = Base; path = Base.lproj/LaunchScreen.storyboard; sourceTree = "<group>"; };
		691CF2762450ECBF003C97FE /* Info.plist */ = {isa = PBXFileReference; lastKnownFileType = text.plist.xml; path = Info.plist; sourceTree = "<group>"; };
		691CF27B2450ECBF003C97FE /* PharmacyFinderTests.xctest */ = {isa = PBXFileReference; explicitFileType = wrapper.cfbundle; includeInIndex = 0; path = PharmacyFinderTests.xctest; sourceTree = BUILT_PRODUCTS_DIR; };
		691CF27F2450ECBF003C97FE /* PharmacyFinderTests.swift */ = {isa = PBXFileReference; lastKnownFileType = sourcecode.swift; path = PharmacyFinderTests.swift; sourceTree = "<group>"; };
		691CF2812450ECBF003C97FE /* Info.plist */ = {isa = PBXFileReference; lastKnownFileType = text.plist.xml; path = Info.plist; sourceTree = "<group>"; };
		691CF28C2450ED04003C97FE /* LoginContract.swift */ = {isa = PBXFileReference; lastKnownFileType = sourcecode.swift; path = LoginContract.swift; sourceTree = "<group>"; };
		691CF28D2450ED04003C97FE /* LoginPresenter.swift */ = {isa = PBXFileReference; lastKnownFileType = sourcecode.swift; path = LoginPresenter.swift; sourceTree = "<group>"; };
		691CF2922450ED4C003C97FE /* LoginViewController.swift */ = {isa = PBXFileReference; lastKnownFileType = sourcecode.swift; path = LoginViewController.swift; sourceTree = "<group>"; };
		691CF2932450ED4C003C97FE /* LoginViewController.xib */ = {isa = PBXFileReference; lastKnownFileType = file.xib; path = LoginViewController.xib; sourceTree = "<group>"; };
		691CF2982450EEFC003C97FE /* Contract.swift */ = {isa = PBXFileReference; lastKnownFileType = sourcecode.swift; path = Contract.swift; sourceTree = "<group>"; };
		691CF2A62451046F003C97FE /* RegistrationContract.swift */ = {isa = PBXFileReference; lastKnownFileType = sourcecode.swift; path = RegistrationContract.swift; sourceTree = "<group>"; };
		691CF2A72451046F003C97FE /* RegistrationPresenter.swift */ = {isa = PBXFileReference; lastKnownFileType = sourcecode.swift; path = RegistrationPresenter.swift; sourceTree = "<group>"; };
		691CF2AC24510494003C97FE /* RegistrationViewController.swift */ = {isa = PBXFileReference; lastKnownFileType = sourcecode.swift; path = RegistrationViewController.swift; sourceTree = "<group>"; };
		691CF2AD24510494003C97FE /* RegistrationViewController.xib */ = {isa = PBXFileReference; lastKnownFileType = file.xib; path = RegistrationViewController.xib; sourceTree = "<group>"; };
		691CF2B1245105CB003C97FE /* StringConstants.swift */ = {isa = PBXFileReference; lastKnownFileType = sourcecode.swift; path = StringConstants.swift; sourceTree = "<group>"; };
		691CF2B72451E089003C97FE /* AccountDataSourceProtocols.swift */ = {isa = PBXFileReference; lastKnownFileType = sourcecode.swift; path = AccountDataSourceProtocols.swift; sourceTree = "<group>"; };
		691CF2BC2451E39B003C97FE /* StorageProtocol.swift */ = {isa = PBXFileReference; lastKnownFileType = sourcecode.swift; path = StorageProtocol.swift; sourceTree = "<group>"; };
		691CF2BE2451E52F003C97FE /* PharmacyFinder.entitlements */ = {isa = PBXFileReference; lastKnownFileType = text.plist.entitlements; path = PharmacyFinder.entitlements; sourceTree = "<group>"; };
		691CF2BF2451E7FA003C97FE /* StorageKeyChain.swift */ = {isa = PBXFileReference; lastKnownFileType = sourcecode.swift; path = StorageKeyChain.swift; sourceTree = "<group>"; };
		691CF2C12451E950003C97FE /* AccountLocalDataSource.swift */ = {isa = PBXFileReference; lastKnownFileType = sourcecode.swift; path = AccountLocalDataSource.swift; sourceTree = "<group>"; };
		691CF2C32451E9A1003C97FE /* UserAccount.swift */ = {isa = PBXFileReference; lastKnownFileType = sourcecode.swift; path = UserAccount.swift; sourceTree = "<group>"; };
		691CF2C52451EC19003C97FE /* AccountRepository.swift */ = {isa = PBXFileReference; lastKnownFileType = sourcecode.swift; path = AccountRepository.swift; sourceTree = "<group>"; };
		691CF2C82451ECD8003C97FE /* UseCase.swift */ = {isa = PBXFileReference; lastKnownFileType = sourcecode.swift; path = UseCase.swift; sourceTree = "<group>"; };
		691CF2CE2451EDF3003C97FE /* RegisterWithUsernameUseCase.swift */ = {isa = PBXFileReference; lastKnownFileType = sourcecode.swift; path = RegisterWithUsernameUseCase.swift; sourceTree = "<group>"; };
		691CF2D02451FEFE003C97FE /* LoginWithUsernameUseCase.swift */ = {isa = PBXFileReference; lastKnownFileType = sourcecode.swift; path = LoginWithUsernameUseCase.swift; sourceTree = "<group>"; };
		6948ABC62452146E00976696 /* HomeContract.swift */ = {isa = PBXFileReference; lastKnownFileType = sourcecode.swift; path = HomeContract.swift; sourceTree = "<group>"; };
		6948ABC72452146E00976696 /* HomePresenter.swift */ = {isa = PBXFileReference; lastKnownFileType = sourcecode.swift; path = HomePresenter.swift; sourceTree = "<group>"; };
		6948ABCC2452149600976696 /* HomeViewController.swift */ = {isa = PBXFileReference; lastKnownFileType = sourcecode.swift; path = HomeViewController.swift; sourceTree = "<group>"; };
		6948ABCD2452149600976696 /* HomeViewController.xib */ = {isa = PBXFileReference; lastKnownFileType = file.xib; path = HomeViewController.xib; sourceTree = "<group>"; };
		6948ABD2245243F500976696 /* PharmacyCell.swift */ = {isa = PBXFileReference; lastKnownFileType = sourcecode.swift; path = PharmacyCell.swift; sourceTree = "<group>"; };
		6948ABD3245243F500976696 /* PharmacyCell.xib */ = {isa = PBXFileReference; lastKnownFileType = file.xib; path = PharmacyCell.xib; sourceTree = "<group>"; };
		6948ABDA245253A900976696 /* HomeDataSourceProtocols.swift */ = {isa = PBXFileReference; lastKnownFileType = sourcecode.swift; path = HomeDataSourceProtocols.swift; sourceTree = "<group>"; };
		6948ABDE2452542D00976696 /* HomeLocalDataSource.swift */ = {isa = PBXFileReference; lastKnownFileType = sourcecode.swift; path = HomeLocalDataSource.swift; sourceTree = "<group>"; };
		6948ABE02452555200976696 /* HomeRemoteDataSource.swift */ = {isa = PBXFileReference; lastKnownFileType = sourcecode.swift; path = HomeRemoteDataSource.swift; sourceTree = "<group>"; };
		6948ABE3245273A600976696 /* DecoderHelper.swift */ = {isa = PBXFileReference; lastKnownFileType = sourcecode.swift; path = DecoderHelper.swift; sourceTree = "<group>"; };
		6948ABE7245273E600976696 /* NetworkRequest.swift */ = {isa = PBXFileReference; lastKnownFileType = sourcecode.swift; path = NetworkRequest.swift; sourceTree = "<group>"; };
		6948ABEA2452778700976696 /* RequestError.swift */ = {isa = PBXFileReference; lastKnownFileType = sourcecode.swift; path = RequestError.swift; sourceTree = "<group>"; };
		6948ABEC2452837C00976696 /* BaseRemoteDataSource.swift */ = {isa = PBXFileReference; lastKnownFileType = sourcecode.swift; path = BaseRemoteDataSource.swift; sourceTree = "<group>"; };
		6948ABEE2452860100976696 /* DataSourceError.swift */ = {isa = PBXFileReference; lastKnownFileType = sourcecode.swift; path = DataSourceError.swift; sourceTree = "<group>"; };
		6948ABF0245287EC00976696 /* PharmacyEntity.swift */ = {isa = PBXFileReference; lastKnownFileType = sourcecode.swift; path = PharmacyEntity.swift; sourceTree = "<group>"; };
		6948ABF224528D8300976696 /* HomeRepository.swift */ = {isa = PBXFileReference; lastKnownFileType = sourcecode.swift; path = HomeRepository.swift; sourceTree = "<group>"; };
		6948ABF62452900E00976696 /* GetPharmacyLocalsUseCase.swift */ = {isa = PBXFileReference; lastKnownFileType = sourcecode.swift; path = GetPharmacyLocalsUseCase.swift; sourceTree = "<group>"; };
		6948AC0824536F5300976696 /* PharmacyDetailContract.swift */ = {isa = PBXFileReference; lastKnownFileType = sourcecode.swift; path = PharmacyDetailContract.swift; sourceTree = "<group>"; };
		6948AC0924536F5300976696 /* PharmacyDetailPresenter.swift */ = {isa = PBXFileReference; lastKnownFileType = sourcecode.swift; path = PharmacyDetailPresenter.swift; sourceTree = "<group>"; };
		6948AC0E24536F7800976696 /* PharmacyDetailViewController.swift */ = {isa = PBXFileReference; lastKnownFileType = sourcecode.swift; path = PharmacyDetailViewController.swift; sourceTree = "<group>"; };
		6948AC0F24536F7800976696 /* PharmacyDetailViewController.xib */ = {isa = PBXFileReference; lastKnownFileType = file.xib; path = PharmacyDetailViewController.xib; sourceTree = "<group>"; };
		6948AC13245375D300976696 /* PharmacyDetailCell.swift */ = {isa = PBXFileReference; lastKnownFileType = sourcecode.swift; path = PharmacyDetailCell.swift; sourceTree = "<group>"; };
		6948AC14245375D300976696 /* PharmacyDetailCell.xib */ = {isa = PBXFileReference; lastKnownFileType = file.xib; path = PharmacyDetailCell.xib; sourceTree = "<group>"; };
		6CDFEFB5D719B471EA5EBD9E /* Pods-PharmacyFinder.release.xcconfig */ = {isa = PBXFileReference; includeInIndex = 1; lastKnownFileType = text.xcconfig; name = "Pods-PharmacyFinder.release.xcconfig"; path = "Target Support Files/Pods-PharmacyFinder/Pods-PharmacyFinder.release.xcconfig"; sourceTree = "<group>"; };
		7492093F9F00DD5B13D7A726 /* Pods-PharmacyFinderTests.debug.xcconfig */ = {isa = PBXFileReference; includeInIndex = 1; lastKnownFileType = text.xcconfig; name = "Pods-PharmacyFinderTests.debug.xcconfig"; path = "Target Support Files/Pods-PharmacyFinderTests/Pods-PharmacyFinderTests.debug.xcconfig"; sourceTree = "<group>"; };
		A75187869DDCEE322717145E /* Pods-PharmacyFinder.debug.xcconfig */ = {isa = PBXFileReference; includeInIndex = 1; lastKnownFileType = text.xcconfig; name = "Pods-PharmacyFinder.debug.xcconfig"; path = "Target Support Files/Pods-PharmacyFinder/Pods-PharmacyFinder.debug.xcconfig"; sourceTree = "<group>"; };
		B5CEE4D5683F4153BAC753FF /* Pods_PharmacyFinder.framework */ = {isa = PBXFileReference; explicitFileType = wrapper.framework; includeInIndex = 0; path = Pods_PharmacyFinder.framework; sourceTree = BUILT_PRODUCTS_DIR; };
		FC5784AE240B26FFA004FDBC /* Pods-PharmacyFinderTests.release.xcconfig */ = {isa = PBXFileReference; includeInIndex = 1; lastKnownFileType = text.xcconfig; name = "Pods-PharmacyFinderTests.release.xcconfig"; path = "Target Support Files/Pods-PharmacyFinderTests/Pods-PharmacyFinderTests.release.xcconfig"; sourceTree = "<group>"; };
/* End PBXFileReference section */

/* Begin PBXFrameworksBuildPhase section */
		691CF2622450ECBA003C97FE /* Frameworks */ = {
			isa = PBXFrameworksBuildPhase;
			buildActionMask = 2147483647;
			files = (
				C7D6338643B51BF9C73F7CF9 /* Pods_PharmacyFinder.framework in Frameworks */,
			);
			runOnlyForDeploymentPostprocessing = 0;
		};
		691CF2782450ECBF003C97FE /* Frameworks */ = {
			isa = PBXFrameworksBuildPhase;
			buildActionMask = 2147483647;
			files = (
				D1E7223E1A63C5BAF66AD7C4 /* Pods_PharmacyFinderTests.framework in Frameworks */,
			);
			runOnlyForDeploymentPostprocessing = 0;
		};
/* End PBXFrameworksBuildPhase section */

/* Begin PBXGroup section */
		269F5E3B61D1D488F5797D94 /* Frameworks */ = {
			isa = PBXGroup;
			children = (
				B5CEE4D5683F4153BAC753FF /* Pods_PharmacyFinder.framework */,
				4EAB94F5D11969C1FA30FE85 /* Pods_PharmacyFinderTests.framework */,
			);
			name = Frameworks;
			sourceTree = "<group>";
		};
		671D1A5CC6C6A3BF8005EB84 /* Pods */ = {
			isa = PBXGroup;
			children = (
				A75187869DDCEE322717145E /* Pods-PharmacyFinder.debug.xcconfig */,
				6CDFEFB5D719B471EA5EBD9E /* Pods-PharmacyFinder.release.xcconfig */,
				7492093F9F00DD5B13D7A726 /* Pods-PharmacyFinderTests.debug.xcconfig */,
				FC5784AE240B26FFA004FDBC /* Pods-PharmacyFinderTests.release.xcconfig */,
			);
			path = Pods;
			sourceTree = "<group>";
		};
		691CF25C2450ECBA003C97FE = {
			isa = PBXGroup;
			children = (
				691CF2672450ECBB003C97FE /* PharmacyFinder */,
				691CF27E2450ECBF003C97FE /* PharmacyFinderTests */,
				691CF2662450ECBB003C97FE /* Products */,
				671D1A5CC6C6A3BF8005EB84 /* Pods */,
				269F5E3B61D1D488F5797D94 /* Frameworks */,
			);
			sourceTree = "<group>";
		};
		691CF2662450ECBB003C97FE /* Products */ = {
			isa = PBXGroup;
			children = (
				691CF2652450ECBB003C97FE /* PharmacyFinder.app */,
				691CF27B2450ECBF003C97FE /* PharmacyFinderTests.xctest */,
			);
			name = Products;
			sourceTree = "<group>";
		};
		691CF2672450ECBB003C97FE /* PharmacyFinder */ = {
			isa = PBXGroup;
			children = (
				691CF2BE2451E52F003C97FE /* PharmacyFinder.entitlements */,
				691CF2962450EED3003C97FE /* Core */,
				691CF29D2450F83A003C97FE /* Modules */,
				691CF2682450ECBB003C97FE /* AppDelegate.swift */,
				691CF26A2450ECBB003C97FE /* SceneDelegate.swift */,
				691CF2712450ECBF003C97FE /* Assets.xcassets */,
				691CF2732450ECBF003C97FE /* LaunchScreen.storyboard */,
				691CF2762450ECBF003C97FE /* Info.plist */,
			);
			path = PharmacyFinder;
			sourceTree = "<group>";
		};
		691CF27E2450ECBF003C97FE /* PharmacyFinderTests */ = {
			isa = PBXGroup;
			children = (
				691CF27F2450ECBF003C97FE /* PharmacyFinderTests.swift */,
				691CF2812450ECBF003C97FE /* Info.plist */,
			);
			path = PharmacyFinderTests;
			sourceTree = "<group>";
		};
		691CF28A2450ECD9003C97FE /* Scenes */ = {
			isa = PBXGroup;
			children = (
				691CF28B2450ECEA003C97FE /* Login */,
				691CF29F2450F8AD003C97FE /* Registration */,
			);
			path = Scenes;
			sourceTree = "<group>";
		};
		691CF28B2450ECEA003C97FE /* Login */ = {
			isa = PBXGroup;
			children = (
				691CF28C2450ED04003C97FE /* LoginContract.swift */,
				691CF28D2450ED04003C97FE /* LoginPresenter.swift */,
				691CF2922450ED4C003C97FE /* LoginViewController.swift */,
				691CF2932450ED4C003C97FE /* LoginViewController.xib */,
			);
			path = Login;
			sourceTree = "<group>";
		};
		691CF2962450EED3003C97FE /* Core */ = {
			isa = PBXGroup;
			children = (
				691CF2972450EEDC003C97FE /* BaseModule */,
				6948ABE5245273CD00976696 /* Data */,
				691CF2C72451ECCA003C97FE /* Domain */,
				6948ABE22452739600976696 /* Helpers */,
				691CF29A2450EF75003C97FE /* Extensions */,
				691CF2BB2451E38D003C97FE /* Storage */,
				691CF2B024510577003C97FE /* Strings */,
			);
			path = Core;
			sourceTree = "<group>";
		};
		691CF2972450EEDC003C97FE /* BaseModule */ = {
			isa = PBXGroup;
			children = (
				691CF2982450EEFC003C97FE /* Contract.swift */,
			);
			path = BaseModule;
			sourceTree = "<group>";
		};
		691CF29A2450EF75003C97FE /* Extensions */ = {
			isa = PBXGroup;
			children = (
			);
			path = Extensions;
			sourceTree = "<group>";
		};
		691CF29D2450F83A003C97FE /* Modules */ = {
			isa = PBXGroup;
			children = (
				6948ABC52452141F00976696 /* Home */,
				691CF29E2450F844003C97FE /* Account */,
			);
			path = Modules;
			sourceTree = "<group>";
		};
		691CF29E2450F844003C97FE /* Account */ = {
			isa = PBXGroup;
			children = (
				691CF2B32451E031003C97FE /* Data */,
				691CF2CA2451ED62003C97FE /* Domain */,
				691CF28A2450ECD9003C97FE /* Scenes */,
			);
			path = Account;
			sourceTree = "<group>";
		};
		691CF29F2450F8AD003C97FE /* Registration */ = {
			isa = PBXGroup;
			children = (
				691CF2A62451046F003C97FE /* RegistrationContract.swift */,
				691CF2A72451046F003C97FE /* RegistrationPresenter.swift */,
				691CF2AC24510494003C97FE /* RegistrationViewController.swift */,
				691CF2AD24510494003C97FE /* RegistrationViewController.xib */,
			);
			path = Registration;
			sourceTree = "<group>";
		};
		691CF2B024510577003C97FE /* Strings */ = {
			isa = PBXGroup;
			children = (
				691CF2B1245105CB003C97FE /* StringConstants.swift */,
			);
			path = Strings;
			sourceTree = "<group>";
		};
		691CF2B32451E031003C97FE /* Data */ = {
			isa = PBXGroup;
			children = (
				691CF2B62451E067003C97FE /* DataSource */,
				691CF2B52451E05F003C97FE /* Entities */,
				691CF2B42451E056003C97FE /* Repository */,
			);
			path = Data;
			sourceTree = "<group>";
		};
		691CF2B42451E056003C97FE /* Repository */ = {
			isa = PBXGroup;
			children = (
				691CF2C52451EC19003C97FE /* AccountRepository.swift */,
			);
			path = Repository;
			sourceTree = "<group>";
		};
		691CF2B52451E05F003C97FE /* Entities */ = {
			isa = PBXGroup;
			children = (
				691CF2C32451E9A1003C97FE /* UserAccount.swift */,
			);
			path = Entities;
			sourceTree = "<group>";
		};
		691CF2B62451E067003C97FE /* DataSource */ = {
			isa = PBXGroup;
			children = (
				691CF2BA2451E1F1003C97FE /* RemoteDataSource */,
				691CF2B92451E1E8003C97FE /* LocalDataSource */,
				691CF2B72451E089003C97FE /* AccountDataSourceProtocols.swift */,
			);
			path = DataSource;
			sourceTree = "<group>";
		};
		691CF2B92451E1E8003C97FE /* LocalDataSource */ = {
			isa = PBXGroup;
			children = (
				691CF2C12451E950003C97FE /* AccountLocalDataSource.swift */,
			);
			path = LocalDataSource;
			sourceTree = "<group>";
		};
		691CF2BA2451E1F1003C97FE /* RemoteDataSource */ = {
			isa = PBXGroup;
			children = (
			);
			path = RemoteDataSource;
			sourceTree = "<group>";
		};
		691CF2BB2451E38D003C97FE /* Storage */ = {
			isa = PBXGroup;
			children = (
				691CF2BC2451E39B003C97FE /* StorageProtocol.swift */,
				691CF2BF2451E7FA003C97FE /* StorageKeyChain.swift */,
			);
			path = Storage;
			sourceTree = "<group>";
		};
		691CF2C72451ECCA003C97FE /* Domain */ = {
			isa = PBXGroup;
			children = (
				691CF2C82451ECD8003C97FE /* UseCase.swift */,
			);
			path = Domain;
			sourceTree = "<group>";
		};
		691CF2CA2451ED62003C97FE /* Domain */ = {
			isa = PBXGroup;
			children = (
				691CF2CB2451ED73003C97FE /* UseCases */,
			);
			path = Domain;
			sourceTree = "<group>";
		};
		691CF2CB2451ED73003C97FE /* UseCases */ = {
			isa = PBXGroup;
			children = (
				691CF2CC2451ED88003C97FE /* LoginUseCases */,
				691CF2CD2451ED8F003C97FE /* RegistrationUseCases */,
			);
			path = UseCases;
			sourceTree = "<group>";
		};
		691CF2CC2451ED88003C97FE /* LoginUseCases */ = {
			isa = PBXGroup;
			children = (
				691CF2D02451FEFE003C97FE /* LoginWithUsernameUseCase.swift */,
			);
			path = LoginUseCases;
			sourceTree = "<group>";
		};
		691CF2CD2451ED8F003C97FE /* RegistrationUseCases */ = {
			isa = PBXGroup;
			children = (
				691CF2CE2451EDF3003C97FE /* RegisterWithUsernameUseCase.swift */,
			);
			path = RegistrationUseCases;
			sourceTree = "<group>";
		};
		6948ABC52452141F00976696 /* Home */ = {
			isa = PBXGroup;
			children = (
				6948ABD62452536F00976696 /* Data */,
				6948ABF424528FCA00976696 /* Domain */,
				6948ABD0245214B700976696 /* Scenes */,
			);
			path = Home;
			sourceTree = "<group>";
		};
		6948ABD0245214B700976696 /* Scenes */ = {
			isa = PBXGroup;
			children = (
				6948ABF924535C5F00976696 /* PharmacyDetail */,
				6948ABF824535B7E00976696 /* Home */,
			);
			path = Scenes;
			sourceTree = "<group>";
		};
		6948ABD12452415D00976696 /* Views */ = {
			isa = PBXGroup;
			children = (
				6948ABD2245243F500976696 /* PharmacyCell.swift */,
				6948ABD3245243F500976696 /* PharmacyCell.xib */,
			);
			path = Views;
			sourceTree = "<group>";
		};
		6948ABD62452536F00976696 /* Data */ = {
			isa = PBXGroup;
			children = (
				6948ABD72452537500976696 /* DataSource */,
				6948ABD82452537C00976696 /* Entities */,
				6948ABD92452538300976696 /* Repository */,
			);
			path = Data;
			sourceTree = "<group>";
		};
		6948ABD72452537500976696 /* DataSource */ = {
			isa = PBXGroup;
			children = (
				6948ABDD2452540400976696 /* LocalDataSource */,
				6948ABDC245253FC00976696 /* RemoteDataSource */,
				6948ABDA245253A900976696 /* HomeDataSourceProtocols.swift */,
			);
			path = DataSource;
			sourceTree = "<group>";
		};
		6948ABD82452537C00976696 /* Entities */ = {
			isa = PBXGroup;
			children = (
				6948ABF0245287EC00976696 /* PharmacyEntity.swift */,
			);
			path = Entities;
			sourceTree = "<group>";
		};
		6948ABD92452538300976696 /* Repository */ = {
			isa = PBXGroup;
			children = (
				6948ABF224528D8300976696 /* HomeRepository.swift */,
			);
			path = Repository;
			sourceTree = "<group>";
		};
		6948ABDC245253FC00976696 /* RemoteDataSource */ = {
			isa = PBXGroup;
			children = (
				6948ABE02452555200976696 /* HomeRemoteDataSource.swift */,
			);
			path = RemoteDataSource;
			sourceTree = "<group>";
		};
		6948ABDD2452540400976696 /* LocalDataSource */ = {
			isa = PBXGroup;
			children = (
				6948ABDE2452542D00976696 /* HomeLocalDataSource.swift */,
			);
			path = LocalDataSource;
			sourceTree = "<group>";
		};
		6948ABE22452739600976696 /* Helpers */ = {
			isa = PBXGroup;
			children = (
				6948ABE3245273A600976696 /* DecoderHelper.swift */,
			);
			path = Helpers;
			sourceTree = "<group>";
		};
		6948ABE5245273CD00976696 /* Data */ = {
			isa = PBXGroup;
			children = (
				6948ABE6245273DA00976696 /* DataSource */,
				6948ABE92452777B00976696 /* Entities */,
			);
			path = Data;
			sourceTree = "<group>";
		};
		6948ABE6245273DA00976696 /* DataSource */ = {
			isa = PBXGroup;
			children = (
				6948ABE7245273E600976696 /* NetworkRequest.swift */,
				6948ABEC2452837C00976696 /* BaseRemoteDataSource.swift */,
			);
			path = DataSource;
			sourceTree = "<group>";
		};
		6948ABE92452777B00976696 /* Entities */ = {
			isa = PBXGroup;
			children = (
				6948ABEA2452778700976696 /* RequestError.swift */,
				6948ABEE2452860100976696 /* DataSourceError.swift */,
			);
			path = Entities;
			sourceTree = "<group>";
		};
		6948ABF424528FCA00976696 /* Domain */ = {
			isa = PBXGroup;
			children = (
				6948ABF524528FD300976696 /* UseCases */,
			);
			path = Domain;
			sourceTree = "<group>";
		};
		6948ABF524528FD300976696 /* UseCases */ = {
			isa = PBXGroup;
			children = (
				6948ABF62452900E00976696 /* GetPharmacyLocalsUseCase.swift */,
			);
			path = UseCases;
			sourceTree = "<group>";
		};
		6948ABF824535B7E00976696 /* Home */ = {
			isa = PBXGroup;
			children = (
				6948ABD12452415D00976696 /* Views */,
				6948ABC62452146E00976696 /* HomeContract.swift */,
				6948ABC72452146E00976696 /* HomePresenter.swift */,
				6948ABCC2452149600976696 /* HomeViewController.swift */,
				6948ABCD2452149600976696 /* HomeViewController.xib */,
			);
			path = Home;
			sourceTree = "<group>";
		};
		6948ABF924535C5F00976696 /* PharmacyDetail */ = {
			isa = PBXGroup;
			children = (
				6948AC12245375B100976696 /* Views */,
				6948AC0824536F5300976696 /* PharmacyDetailContract.swift */,
				6948AC0924536F5300976696 /* PharmacyDetailPresenter.swift */,
				6948AC0E24536F7800976696 /* PharmacyDetailViewController.swift */,
				6948AC0F24536F7800976696 /* PharmacyDetailViewController.xib */,
			);
			path = PharmacyDetail;
			sourceTree = "<group>";
		};
		6948AC12245375B100976696 /* Views */ = {
			isa = PBXGroup;
			children = (
				6948AC13245375D300976696 /* PharmacyDetailCell.swift */,
				6948AC14245375D300976696 /* PharmacyDetailCell.xib */,
			);
			path = Views;
			sourceTree = "<group>";
		};
/* End PBXGroup section */

/* Begin PBXNativeTarget section */
		691CF2642450ECBA003C97FE /* PharmacyFinder */ = {
			isa = PBXNativeTarget;
			buildConfigurationList = 691CF2842450ECBF003C97FE /* Build configuration list for PBXNativeTarget "PharmacyFinder" */;
			buildPhases = (
				31305BF4DC43FE09C137A7D4 /* [CP] Check Pods Manifest.lock */,
				691CF2612450ECBA003C97FE /* Sources */,
				691CF2622450ECBA003C97FE /* Frameworks */,
				691CF2632450ECBA003C97FE /* Resources */,
				86F897ED7C7C63FB014CA428 /* [CP] Embed Pods Frameworks */,
			);
			buildRules = (
			);
			dependencies = (
			);
			name = PharmacyFinder;
			productName = PharmacyFinder;
			productReference = 691CF2652450ECBB003C97FE /* PharmacyFinder.app */;
			productType = "com.apple.product-type.application";
		};
		691CF27A2450ECBF003C97FE /* PharmacyFinderTests */ = {
			isa = PBXNativeTarget;
			buildConfigurationList = 691CF2872450ECBF003C97FE /* Build configuration list for PBXNativeTarget "PharmacyFinderTests" */;
			buildPhases = (
				D87A6E36965A185622233FF9 /* [CP] Check Pods Manifest.lock */,
				691CF2772450ECBF003C97FE /* Sources */,
				691CF2782450ECBF003C97FE /* Frameworks */,
				691CF2792450ECBF003C97FE /* Resources */,
			);
			buildRules = (
			);
			dependencies = (
				691CF27D2450ECBF003C97FE /* PBXTargetDependency */,
			);
			name = PharmacyFinderTests;
			productName = PharmacyFinderTests;
			productReference = 691CF27B2450ECBF003C97FE /* PharmacyFinderTests.xctest */;
			productType = "com.apple.product-type.bundle.unit-test";
		};
/* End PBXNativeTarget section */

/* Begin PBXProject section */
		691CF25D2450ECBA003C97FE /* Project object */ = {
			isa = PBXProject;
			attributes = {
				LastSwiftUpdateCheck = 1140;
				LastUpgradeCheck = 1140;
				ORGANIZATIONNAME = "Felipe Vergara";
				TargetAttributes = {
					691CF2642450ECBA003C97FE = {
						CreatedOnToolsVersion = 11.4.1;
					};
					691CF27A2450ECBF003C97FE = {
						CreatedOnToolsVersion = 11.4.1;
						TestTargetID = 691CF2642450ECBA003C97FE;
					};
				};
			};
			buildConfigurationList = 691CF2602450ECBA003C97FE /* Build configuration list for PBXProject "PharmacyFinder" */;
			compatibilityVersion = "Xcode 9.3";
			developmentRegion = en;
			hasScannedForEncodings = 0;
			knownRegions = (
				en,
				Base,
			);
			mainGroup = 691CF25C2450ECBA003C97FE;
			productRefGroup = 691CF2662450ECBB003C97FE /* Products */;
			projectDirPath = "";
			projectRoot = "";
			targets = (
				691CF2642450ECBA003C97FE /* PharmacyFinder */,
				691CF27A2450ECBF003C97FE /* PharmacyFinderTests */,
			);
		};
/* End PBXProject section */

/* Begin PBXResourcesBuildPhase section */
		691CF2632450ECBA003C97FE /* Resources */ = {
			isa = PBXResourcesBuildPhase;
			buildActionMask = 2147483647;
			files = (
				691CF2952450ED4C003C97FE /* LoginViewController.xib in Resources */,
				6948AC1124536F7800976696 /* PharmacyDetailViewController.xib in Resources */,
				691CF2AF24510494003C97FE /* RegistrationViewController.xib in Resources */,
				6948ABD5245243F500976696 /* PharmacyCell.xib in Resources */,
				6948ABCF2452149600976696 /* HomeViewController.xib in Resources */,
				691CF2752450ECBF003C97FE /* LaunchScreen.storyboard in Resources */,
				691CF2722450ECBF003C97FE /* Assets.xcassets in Resources */,
				6948AC16245375D300976696 /* PharmacyDetailCell.xib in Resources */,
			);
			runOnlyForDeploymentPostprocessing = 0;
		};
		691CF2792450ECBF003C97FE /* Resources */ = {
			isa = PBXResourcesBuildPhase;
			buildActionMask = 2147483647;
			files = (
			);
			runOnlyForDeploymentPostprocessing = 0;
		};
/* End PBXResourcesBuildPhase section */

/* Begin PBXShellScriptBuildPhase section */
		31305BF4DC43FE09C137A7D4 /* [CP] Check Pods Manifest.lock */ = {
			isa = PBXShellScriptBuildPhase;
			buildActionMask = 2147483647;
			files = (
			);
			inputFileListPaths = (
			);
			inputPaths = (
				"${PODS_PODFILE_DIR_PATH}/Podfile.lock",
				"${PODS_ROOT}/Manifest.lock",
			);
			name = "[CP] Check Pods Manifest.lock";
			outputFileListPaths = (
			);
			outputPaths = (
				"$(DERIVED_FILE_DIR)/Pods-PharmacyFinder-checkManifestLockResult.txt",
			);
			runOnlyForDeploymentPostprocessing = 0;
			shellPath = /bin/sh;
			shellScript = "diff \"${PODS_PODFILE_DIR_PATH}/Podfile.lock\" \"${PODS_ROOT}/Manifest.lock\" > /dev/null\nif [ $? != 0 ] ; then\n    # print error to STDERR\n    echo \"error: The sandbox is not in sync with the Podfile.lock. Run 'pod install' or update your CocoaPods installation.\" >&2\n    exit 1\nfi\n# This output is used by Xcode 'outputs' to avoid re-running this script phase.\necho \"SUCCESS\" > \"${SCRIPT_OUTPUT_FILE_0}\"\n";
			showEnvVarsInLog = 0;
		};
		86F897ED7C7C63FB014CA428 /* [CP] Embed Pods Frameworks */ = {
			isa = PBXShellScriptBuildPhase;
			buildActionMask = 2147483647;
			files = (
			);
			inputFileListPaths = (
				"${PODS_ROOT}/Target Support Files/Pods-PharmacyFinder/Pods-PharmacyFinder-frameworks-${CONFIGURATION}-input-files.xcfilelist",
			);
			name = "[CP] Embed Pods Frameworks";
			outputFileListPaths = (
				"${PODS_ROOT}/Target Support Files/Pods-PharmacyFinder/Pods-PharmacyFinder-frameworks-${CONFIGURATION}-output-files.xcfilelist",
			);
			runOnlyForDeploymentPostprocessing = 0;
			shellPath = /bin/sh;
			shellScript = "\"${PODS_ROOT}/Target Support Files/Pods-PharmacyFinder/Pods-PharmacyFinder-frameworks.sh\"\n";
			showEnvVarsInLog = 0;
		};
		D87A6E36965A185622233FF9 /* [CP] Check Pods Manifest.lock */ = {
			isa = PBXShellScriptBuildPhase;
			buildActionMask = 2147483647;
			files = (
			);
			inputFileListPaths = (
			);
			inputPaths = (
				"${PODS_PODFILE_DIR_PATH}/Podfile.lock",
				"${PODS_ROOT}/Manifest.lock",
			);
			name = "[CP] Check Pods Manifest.lock";
			outputFileListPaths = (
			);
			outputPaths = (
				"$(DERIVED_FILE_DIR)/Pods-PharmacyFinderTests-checkManifestLockResult.txt",
			);
			runOnlyForDeploymentPostprocessing = 0;
			shellPath = /bin/sh;
			shellScript = "diff \"${PODS_PODFILE_DIR_PATH}/Podfile.lock\" \"${PODS_ROOT}/Manifest.lock\" > /dev/null\nif [ $? != 0 ] ; then\n    # print error to STDERR\n    echo \"error: The sandbox is not in sync with the Podfile.lock. Run 'pod install' or update your CocoaPods installation.\" >&2\n    exit 1\nfi\n# This output is used by Xcode 'outputs' to avoid re-running this script phase.\necho \"SUCCESS\" > \"${SCRIPT_OUTPUT_FILE_0}\"\n";
			showEnvVarsInLog = 0;
		};
/* End PBXShellScriptBuildPhase section */

/* Begin PBXSourcesBuildPhase section */
		691CF2612450ECBA003C97FE /* Sources */ = {
			isa = PBXSourcesBuildPhase;
			buildActionMask = 2147483647;
			files = (
				6948AC0C24536F5300976696 /* PharmacyDetailPresenter.swift in Sources */,
				6948AC15245375D300976696 /* PharmacyDetailCell.swift in Sources */,
				6948ABCA2452146E00976696 /* HomePresenter.swift in Sources */,
				6948ABF1245287EC00976696 /* PharmacyEntity.swift in Sources */,
				6948ABED2452837C00976696 /* BaseRemoteDataSource.swift in Sources */,
				6948ABDB245253A900976696 /* HomeDataSourceProtocols.swift in Sources */,
				691CF2C22451E950003C97FE /* AccountLocalDataSource.swift in Sources */,
				691CF2942450ED4C003C97FE /* LoginViewController.swift in Sources */,
				6948ABD4245243F500976696 /* PharmacyCell.swift in Sources */,
				6948ABDF2452542D00976696 /* HomeLocalDataSource.swift in Sources */,
				691CF2AA2451046F003C97FE /* RegistrationPresenter.swift in Sources */,
				691CF2A92451046F003C97FE /* RegistrationContract.swift in Sources */,
				6948ABF324528D8300976696 /* HomeRepository.swift in Sources */,
				691CF2AE24510494003C97FE /* RegistrationViewController.swift in Sources */,
				691CF28F2450ED04003C97FE /* LoginContract.swift in Sources */,
				6948ABCE2452149600976696 /* HomeViewController.swift in Sources */,
				691CF2692450ECBB003C97FE /* AppDelegate.swift in Sources */,
				691CF2C92451ECD8003C97FE /* UseCase.swift in Sources */,
				691CF2CF2451EDF3003C97FE /* RegisterWithUsernameUseCase.swift in Sources */,
				6948ABE8245273E600976696 /* NetworkRequest.swift in Sources */,
				6948ABEB2452778700976696 /* RequestError.swift in Sources */,
				691CF2B82451E089003C97FE /* AccountDataSourceProtocols.swift in Sources */,
				691CF2BD2451E39B003C97FE /* StorageProtocol.swift in Sources */,
				6948ABF72452900E00976696 /* GetPharmacyLocalsUseCase.swift in Sources */,
				6948ABE4245273A600976696 /* DecoderHelper.swift in Sources */,
				691CF2992450EEFC003C97FE /* Contract.swift in Sources */,
				6948ABC92452146E00976696 /* HomeContract.swift in Sources */,
				691CF2D12451FEFE003C97FE /* LoginWithUsernameUseCase.swift in Sources */,
				6948ABEF2452860100976696 /* DataSourceError.swift in Sources */,
				691CF26B2450ECBB003C97FE /* SceneDelegate.swift in Sources */,
				6948AC0B24536F5300976696 /* PharmacyDetailContract.swift in Sources */,
				691CF2C02451E7FA003C97FE /* StorageKeyChain.swift in Sources */,
				6948AC1024536F7800976696 /* PharmacyDetailViewController.swift in Sources */,
				691CF2B2245105CB003C97FE /* StringConstants.swift in Sources */,
				691CF2902450ED04003C97FE /* LoginPresenter.swift in Sources */,
				6948ABE12452555200976696 /* HomeRemoteDataSource.swift in Sources */,
				691CF2C42451E9A1003C97FE /* UserAccount.swift in Sources */,
				691CF2C62451EC19003C97FE /* AccountRepository.swift in Sources */,
			);
			runOnlyForDeploymentPostprocessing = 0;
		};
		691CF2772450ECBF003C97FE /* Sources */ = {
			isa = PBXSourcesBuildPhase;
			buildActionMask = 2147483647;
			files = (
				691CF2802450ECBF003C97FE /* PharmacyFinderTests.swift in Sources */,
			);
			runOnlyForDeploymentPostprocessing = 0;
		};
/* End PBXSourcesBuildPhase section */

/* Begin PBXTargetDependency section */
		691CF27D2450ECBF003C97FE /* PBXTargetDependency */ = {
			isa = PBXTargetDependency;
			target = 691CF2642450ECBA003C97FE /* PharmacyFinder */;
			targetProxy = 691CF27C2450ECBF003C97FE /* PBXContainerItemProxy */;
		};
/* End PBXTargetDependency section */

/* Begin PBXVariantGroup section */
		691CF2732450ECBF003C97FE /* LaunchScreen.storyboard */ = {
			isa = PBXVariantGroup;
			children = (
				691CF2742450ECBF003C97FE /* Base */,
			);
			name = LaunchScreen.storyboard;
			sourceTree = "<group>";
		};
/* End PBXVariantGroup section */

/* Begin XCBuildConfiguration section */
		691CF2822450ECBF003C97FE /* Debug */ = {
			isa = XCBuildConfiguration;
			buildSettings = {
				ALWAYS_SEARCH_USER_PATHS = NO;
				CLANG_ANALYZER_NONNULL = YES;
				CLANG_ANALYZER_NUMBER_OBJECT_CONVERSION = YES_AGGRESSIVE;
				CLANG_CXX_LANGUAGE_STANDARD = "gnu++14";
				CLANG_CXX_LIBRARY = "libc++";
				CLANG_ENABLE_MODULES = YES;
				CLANG_ENABLE_OBJC_ARC = YES;
				CLANG_ENABLE_OBJC_WEAK = YES;
				CLANG_WARN_BLOCK_CAPTURE_AUTORELEASING = YES;
				CLANG_WARN_BOOL_CONVERSION = YES;
				CLANG_WARN_COMMA = YES;
				CLANG_WARN_CONSTANT_CONVERSION = YES;
				CLANG_WARN_DEPRECATED_OBJC_IMPLEMENTATIONS = YES;
				CLANG_WARN_DIRECT_OBJC_ISA_USAGE = YES_ERROR;
				CLANG_WARN_DOCUMENTATION_COMMENTS = YES;
				CLANG_WARN_EMPTY_BODY = YES;
				CLANG_WARN_ENUM_CONVERSION = YES;
				CLANG_WARN_INFINITE_RECURSION = YES;
				CLANG_WARN_INT_CONVERSION = YES;
				CLANG_WARN_NON_LITERAL_NULL_CONVERSION = YES;
				CLANG_WARN_OBJC_IMPLICIT_RETAIN_SELF = YES;
				CLANG_WARN_OBJC_LITERAL_CONVERSION = YES;
				CLANG_WARN_OBJC_ROOT_CLASS = YES_ERROR;
				CLANG_WARN_RANGE_LOOP_ANALYSIS = YES;
				CLANG_WARN_STRICT_PROTOTYPES = YES;
				CLANG_WARN_SUSPICIOUS_MOVE = YES;
				CLANG_WARN_UNGUARDED_AVAILABILITY = YES_AGGRESSIVE;
				CLANG_WARN_UNREACHABLE_CODE = YES;
				CLANG_WARN__DUPLICATE_METHOD_MATCH = YES;
				COPY_PHASE_STRIP = NO;
				DEBUG_INFORMATION_FORMAT = dwarf;
				ENABLE_STRICT_OBJC_MSGSEND = YES;
				ENABLE_TESTABILITY = YES;
				GCC_C_LANGUAGE_STANDARD = gnu11;
				GCC_DYNAMIC_NO_PIC = NO;
				GCC_NO_COMMON_BLOCKS = YES;
				GCC_OPTIMIZATION_LEVEL = 0;
				GCC_PREPROCESSOR_DEFINITIONS = (
					"DEBUG=1",
					"$(inherited)",
				);
				GCC_WARN_64_TO_32_BIT_CONVERSION = YES;
				GCC_WARN_ABOUT_RETURN_TYPE = YES_ERROR;
				GCC_WARN_UNDECLARED_SELECTOR = YES;
				GCC_WARN_UNINITIALIZED_AUTOS = YES_AGGRESSIVE;
				GCC_WARN_UNUSED_FUNCTION = YES;
				GCC_WARN_UNUSED_VARIABLE = YES;
				IPHONEOS_DEPLOYMENT_TARGET = 13.0;
				MTL_ENABLE_DEBUG_INFO = INCLUDE_SOURCE;
				MTL_FAST_MATH = YES;
				ONLY_ACTIVE_ARCH = YES;
				SDKROOT = iphoneos;
				SWIFT_ACTIVE_COMPILATION_CONDITIONS = DEBUG;
				SWIFT_OPTIMIZATION_LEVEL = "-Onone";
			};
			name = Debug;
		};
		691CF2832450ECBF003C97FE /* Release */ = {
			isa = XCBuildConfiguration;
			buildSettings = {
				ALWAYS_SEARCH_USER_PATHS = NO;
				CLANG_ANALYZER_NONNULL = YES;
				CLANG_ANALYZER_NUMBER_OBJECT_CONVERSION = YES_AGGRESSIVE;
				CLANG_CXX_LANGUAGE_STANDARD = "gnu++14";
				CLANG_CXX_LIBRARY = "libc++";
				CLANG_ENABLE_MODULES = YES;
				CLANG_ENABLE_OBJC_ARC = YES;
				CLANG_ENABLE_OBJC_WEAK = YES;
				CLANG_WARN_BLOCK_CAPTURE_AUTORELEASING = YES;
				CLANG_WARN_BOOL_CONVERSION = YES;
				CLANG_WARN_COMMA = YES;
				CLANG_WARN_CONSTANT_CONVERSION = YES;
				CLANG_WARN_DEPRECATED_OBJC_IMPLEMENTATIONS = YES;
				CLANG_WARN_DIRECT_OBJC_ISA_USAGE = YES_ERROR;
				CLANG_WARN_DOCUMENTATION_COMMENTS = YES;
				CLANG_WARN_EMPTY_BODY = YES;
				CLANG_WARN_ENUM_CONVERSION = YES;
				CLANG_WARN_INFINITE_RECURSION = YES;
				CLANG_WARN_INT_CONVERSION = YES;
				CLANG_WARN_NON_LITERAL_NULL_CONVERSION = YES;
				CLANG_WARN_OBJC_IMPLICIT_RETAIN_SELF = YES;
				CLANG_WARN_OBJC_LITERAL_CONVERSION = YES;
				CLANG_WARN_OBJC_ROOT_CLASS = YES_ERROR;
				CLANG_WARN_RANGE_LOOP_ANALYSIS = YES;
				CLANG_WARN_STRICT_PROTOTYPES = YES;
				CLANG_WARN_SUSPICIOUS_MOVE = YES;
				CLANG_WARN_UNGUARDED_AVAILABILITY = YES_AGGRESSIVE;
				CLANG_WARN_UNREACHABLE_CODE = YES;
				CLANG_WARN__DUPLICATE_METHOD_MATCH = YES;
				COPY_PHASE_STRIP = NO;
				DEBUG_INFORMATION_FORMAT = "dwarf-with-dsym";
				ENABLE_NS_ASSERTIONS = NO;
				ENABLE_STRICT_OBJC_MSGSEND = YES;
				GCC_C_LANGUAGE_STANDARD = gnu11;
				GCC_NO_COMMON_BLOCKS = YES;
				GCC_WARN_64_TO_32_BIT_CONVERSION = YES;
				GCC_WARN_ABOUT_RETURN_TYPE = YES_ERROR;
				GCC_WARN_UNDECLARED_SELECTOR = YES;
				GCC_WARN_UNINITIALIZED_AUTOS = YES_AGGRESSIVE;
				GCC_WARN_UNUSED_FUNCTION = YES;
				GCC_WARN_UNUSED_VARIABLE = YES;
				IPHONEOS_DEPLOYMENT_TARGET = 13.0;
				MTL_ENABLE_DEBUG_INFO = NO;
				MTL_FAST_MATH = YES;
				SDKROOT = iphoneos;
				SWIFT_COMPILATION_MODE = wholemodule;
				SWIFT_OPTIMIZATION_LEVEL = "-O";
				VALIDATE_PRODUCT = YES;
			};
			name = Release;
		};
		691CF2852450ECBF003C97FE /* Debug */ = {
			isa = XCBuildConfiguration;
			baseConfigurationReference = A75187869DDCEE322717145E /* Pods-PharmacyFinder.debug.xcconfig */;
			buildSettings = {
				ASSETCATALOG_COMPILER_APPICON_NAME = AppIcon;
				CODE_SIGN_ENTITLEMENTS = PharmacyFinder/PharmacyFinder.entitlements;
				CODE_SIGN_STYLE = Automatic;
				INFOPLIST_FILE = PharmacyFinder/Info.plist;
				LD_RUNPATH_SEARCH_PATHS = (
					"$(inherited)",
					"@executable_path/Frameworks",
				);
				PRODUCT_BUNDLE_IDENTIFIER = com.vergara.PharmacyFinder;
				PRODUCT_NAME = "$(TARGET_NAME)";
				SWIFT_VERSION = 5.0;
				TARGETED_DEVICE_FAMILY = "1,2";
			};
			name = Debug;
		};
		691CF2862450ECBF003C97FE /* Release */ = {
			isa = XCBuildConfiguration;
			baseConfigurationReference = 6CDFEFB5D719B471EA5EBD9E /* Pods-PharmacyFinder.release.xcconfig */;
			buildSettings = {
				ASSETCATALOG_COMPILER_APPICON_NAME = AppIcon;
				CODE_SIGN_ENTITLEMENTS = PharmacyFinder/PharmacyFinder.entitlements;
				CODE_SIGN_STYLE = Automatic;
				INFOPLIST_FILE = PharmacyFinder/Info.plist;
				LD_RUNPATH_SEARCH_PATHS = (
					"$(inherited)",
					"@executable_path/Frameworks",
				);
				PRODUCT_BUNDLE_IDENTIFIER = com.vergara.PharmacyFinder;
				PRODUCT_NAME = "$(TARGET_NAME)";
				SWIFT_VERSION = 5.0;
				TARGETED_DEVICE_FAMILY = "1,2";
			};
			name = Release;
		};
		691CF2882450ECBF003C97FE /* Debug */ = {
			isa = XCBuildConfiguration;
			baseConfigurationReference = 7492093F9F00DD5B13D7A726 /* Pods-PharmacyFinderTests.debug.xcconfig */;
			buildSettings = {
				ALWAYS_EMBED_SWIFT_STANDARD_LIBRARIES = YES;
				BUNDLE_LOADER = "$(TEST_HOST)";
				CODE_SIGN_STYLE = Automatic;
				INFOPLIST_FILE = PharmacyFinderTests/Info.plist;
				IPHONEOS_DEPLOYMENT_TARGET = 13.0;
				LD_RUNPATH_SEARCH_PATHS = (
					"$(inherited)",
					"@executable_path/Frameworks",
					"@loader_path/Frameworks",
				);
				PRODUCT_BUNDLE_IDENTIFIER = com.vergara.PharmacyFinderTests;
				PRODUCT_NAME = "$(TARGET_NAME)";
				SWIFT_VERSION = 5.0;
				TARGETED_DEVICE_FAMILY = "1,2";
				TEST_HOST = "$(BUILT_PRODUCTS_DIR)/PharmacyFinder.app/PharmacyFinder";
			};
			name = Debug;
		};
		691CF2892450ECBF003C97FE /* Release */ = {
			isa = XCBuildConfiguration;
			baseConfigurationReference = FC5784AE240B26FFA004FDBC /* Pods-PharmacyFinderTests.release.xcconfig */;
			buildSettings = {
				ALWAYS_EMBED_SWIFT_STANDARD_LIBRARIES = YES;
				BUNDLE_LOADER = "$(TEST_HOST)";
				CODE_SIGN_STYLE = Automatic;
				INFOPLIST_FILE = PharmacyFinderTests/Info.plist;
				IPHONEOS_DEPLOYMENT_TARGET = 13.0;
				LD_RUNPATH_SEARCH_PATHS = (
					"$(inherited)",
					"@executable_path/Frameworks",
					"@loader_path/Frameworks",
				);
				PRODUCT_BUNDLE_IDENTIFIER = com.vergara.PharmacyFinderTests;
				PRODUCT_NAME = "$(TARGET_NAME)";
				SWIFT_VERSION = 5.0;
				TARGETED_DEVICE_FAMILY = "1,2";
				TEST_HOST = "$(BUILT_PRODUCTS_DIR)/PharmacyFinder.app/PharmacyFinder";
			};
			name = Release;
		};
/* End XCBuildConfiguration section */

/* Begin XCConfigurationList section */
		691CF2602450ECBA003C97FE /* Build configuration list for PBXProject "PharmacyFinder" */ = {
			isa = XCConfigurationList;
			buildConfigurations = (
				691CF2822450ECBF003C97FE /* Debug */,
				691CF2832450ECBF003C97FE /* Release */,
			);
			defaultConfigurationIsVisible = 0;
			defaultConfigurationName = Release;
		};
		691CF2842450ECBF003C97FE /* Build configuration list for PBXNativeTarget "PharmacyFinder" */ = {
			isa = XCConfigurationList;
			buildConfigurations = (
				691CF2852450ECBF003C97FE /* Debug */,
				691CF2862450ECBF003C97FE /* Release */,
			);
			defaultConfigurationIsVisible = 0;
			defaultConfigurationName = Release;
		};
		691CF2872450ECBF003C97FE /* Build configuration list for PBXNativeTarget "PharmacyFinderTests" */ = {
			isa = XCConfigurationList;
			buildConfigurations = (
				691CF2882450ECBF003C97FE /* Debug */,
				691CF2892450ECBF003C97FE /* Release */,
			);
			defaultConfigurationIsVisible = 0;
			defaultConfigurationName = Release;
		};
/* End XCConfigurationList section */
	};
	rootObject = 691CF25D2450ECBA003C97FE /* Project object */;
}
